
Microsoft Visual Studio Solution File, Format Version 12.00
# Visual Studio 2013
VisualStudioVersion = 12.0.21005.1
MinimumVisualStudioVersion = 10.0.40219.1
Project("{FAE04EC0-301F-11D3-BF4B-00C04F79EFBC}") = "final1", "final1\final1.csproj", "{14D92157-5D7E-4CE9-9E28-5BA01176676E}"
EndProject
Project("{FAE04EC0-301F-11D3-BF4B-00C04F79EFBC}") = "Admin", "Admin\Admin.csproj", "{199EDAD0-3539-4C9F-AC4E-7E6BB207A616}"
EndProject
Global
	GlobalSection(SolutionConfigurationPlatforms) = preSolution
		Debug|Any CPU = Debug|Any CPU
		Release|Any CPU = Release|Any CPU
	EndGlobalSection
	GlobalSection(ProjectConfigurationPlatforms) = postSolution
		{14D92157-5D7E-4CE9-9E28-5BA01176676E}.Debug|Any CPU.ActiveCfg = Debug|Any CPU
		{14D92157-5D7E-4CE9-9E28-5BA01176676E}.Debug|Any CPU.Build.0 = Debug|Any CPU
		{14D92157-5D7E-4CE9-9E28-5BA01176676E}.Release|Any CPU.ActiveCfg = Release|Any CPU
		{14D92157-5D7E-4CE9-9E28-5BA01176676E}.Release|Any CPU.Build.0 = Release|Any CPU
		{199EDAD0-3539-4C9F-AC4E-7E6BB207A616}.Debug|Any CPU.ActiveCfg = Debug|Any CPU
		{199EDAD0-3539-4C9F-AC4E-7E6BB207A616}.Debug|Any CPU.Build.0 = Debug|Any CPU
		{199EDAD0-3539-4C9F-AC4E-7E6BB207A616}.Release|Any CPU.ActiveCfg = Release|Any CPU
		{199EDAD0-3539-4C9F-AC4E-7E6BB207A616}.Release|Any CPU.Build.0 = Release|Any CPU
	EndGlobalSection
	GlobalSection(SolutionProperties) = preSolution
		HideSolutionNode = FALSE
	EndGlobalSection
EndGlobal
